
Microsoft Visual Studio Solution File, Format Version 12.00
# Visual Studio Version 17
VisualStudioVersion = 17.0.32014.148
MinimumVisualStudioVersion = 10.0.40219.1
Project("{9A19103F-16F7-4668-BE54-9A1E7A4F7556}") = "Receiver", "Receiver\Receiver.csproj", "{A742D57E-6F70-4A1E-9888-978CADE27744}"
EndProject
Project("{9A19103F-16F7-4668-BE54-9A1E7A4F7556}") = "Sender", "Sender\Sender.csproj", "{D6ECF926-F7FE-427C-869D-1FCBD231F1F7}"
EndProject
Project("{9A19103F-16F7-4668-BE54-9A1E7A4F7556}") = "Shared", "Shared\Shared.csproj", "{9F9F3BC5-4171-4769-8FC8-20D42E00676C}"
EndProject
Project("{FAE04EC0-301F-11D3-BF4B-00C04F79EFBC}") = "Api.Sender", "Api.Sender\Api.Sender.csproj", "{559E45D1-B218-43A2-9CC9-049565F50CA5}"
EndProject
Global
	GlobalSection(SolutionConfigurationPlatforms) = preSolution
		Debug|Any CPU = Debug|Any CPU
		Release|Any CPU = Release|Any CPU
	EndGlobalSection
	GlobalSection(ProjectConfigurationPlatforms) = postSolution
		{A742D57E-6F70-4A1E-9888-978CADE27744}.Debug|Any CPU.ActiveCfg = Debug|Any CPU
		{A742D57E-6F70-4A1E-9888-978CADE27744}.Debug|Any CPU.Build.0 = Debug|Any CPU
		{A742D57E-6F70-4A1E-9888-978CADE27744}.Release|Any CPU.ActiveCfg = Release|Any CPU
		{A742D57E-6F70-4A1E-9888-978CADE27744}.Release|Any CPU.Build.0 = Release|Any CPU
		{D6ECF926-F7FE-427C-869D-1FCBD231F1F7}.Debug|Any CPU.ActiveCfg = Debug|Any CPU
		{D6ECF926-F7FE-427C-869D-1FCBD231F1F7}.Debug|Any CPU.Build.0 = Debug|Any CPU
		{D6ECF926-F7FE-427C-869D-1FCBD231F1F7}.Release|Any CPU.ActiveCfg = Release|Any CPU
		{D6ECF926-F7FE-427C-869D-1FCBD231F1F7}.Release|Any CPU.Build.0 = Release|Any CPU
		{9F9F3BC5-4171-4769-8FC8-20D42E00676C}.Debug|Any CPU.ActiveCfg = Debug|Any CPU
		{9F9F3BC5-4171-4769-8FC8-20D42E00676C}.Debug|Any CPU.Build.0 = Debug|Any CPU
		{9F9F3BC5-4171-4769-8FC8-20D42E00676C}.Release|Any CPU.ActiveCfg = Release|Any CPU
		{9F9F3BC5-4171-4769-8FC8-20D42E00676C}.Release|Any CPU.Build.0 = Release|Any CPU
		{559E45D1-B218-43A2-9CC9-049565F50CA5}.Debug|Any CPU.ActiveCfg = Debug|Any CPU
		{559E45D1-B218-43A2-9CC9-049565F50CA5}.Debug|Any CPU.Build.0 = Debug|Any CPU
		{559E45D1-B218-43A2-9CC9-049565F50CA5}.Release|Any CPU.ActiveCfg = Release|Any CPU
		{559E45D1-B218-43A2-9CC9-049565F50CA5}.Release|Any CPU.Build.0 = Release|Any CPU
	EndGlobalSection
	GlobalSection(SolutionProperties) = preSolution
		HideSolutionNode = FALSE
	EndGlobalSection
	GlobalSection(ExtensibilityGlobals) = postSolution
		SolutionGuid = {E70493A8-46F9-4B1A-9BDC-75C292EBD412}
	EndGlobalSection
EndGlobal
